
Microsoft Visual Studio Solution File, Format Version 12.00
# Visual Studio Version 17
VisualStudioVersion = 17.5.002.0
MinimumVisualStudioVersion = 10.0.40219.1
Project("{2150E333-8FDC-42A3-9474-1A3956D46DE8}") = "vote_app", "vote_app", "{CB871F4F-C76E-4E98-ABD1-0F974AF70C7E}"
EndProject
Project("{9A19103F-16F7-4668-BE54-9A1E7A4F7556}") = "Worker", "vote_app\worker\Worker.csproj", "{D0414359-53FA-49C0-A5C9-640601A69EDA}"
EndProject
Global
	GlobalSection(SolutionConfigurationPlatforms) = preSolution
		Debug|Any CPU = Debug|Any CPU
		Release|Any CPU = Release|Any CPU
	EndGlobalSection
	GlobalSection(ProjectConfigurationPlatforms) = postSolution
		{D0414359-53FA-49C0-A5C9-640601A69EDA}.Debug|Any CPU.ActiveCfg = Debug|Any CPU
		{D0414359-53FA-49C0-A5C9-640601A69EDA}.Debug|Any CPU.Build.0 = Debug|Any CPU
		{D0414359-53FA-49C0-A5C9-640601A69EDA}.Release|Any CPU.ActiveCfg = Release|Any CPU
		{D0414359-53FA-49C0-A5C9-640601A69EDA}.Release|Any CPU.Build.0 = Release|Any CPU
	EndGlobalSection
	GlobalSection(SolutionProperties) = preSolution
		HideSolutionNode = FALSE
	EndGlobalSection
	GlobalSection(NestedProjects) = preSolution
		{D0414359-53FA-49C0-A5C9-640601A69EDA} = {CB871F4F-C76E-4E98-ABD1-0F974AF70C7E}
	EndGlobalSection
	GlobalSection(ExtensibilityGlobals) = postSolution
		SolutionGuid = {4F519600-21AB-4DB2-9552-EA193AFB2DD9}
	EndGlobalSection
EndGlobal
